
Microsoft Visual Studio Solution File, Format Version 12.00
# Visual Studio Version 16
VisualStudioVersion = 16.0.31019.35
MinimumVisualStudioVersion = 10.0.40219.1
Project("{FAE04EC0-301F-11D3-BF4B-00C04F79EFBC}") = "Web410615885", "Web410615885\Web410615885.csproj", "{87E201A1-1D81-4881-AB4D-FEEDF7428CF7}"
EndProject
Global
	GlobalSection(SolutionConfigurationPlatforms) = preSolution
		Debug|Any CPU = Debug|Any CPU
		Release|Any CPU = Release|Any CPU
	EndGlobalSection
	GlobalSection(ProjectConfigurationPlatforms) = postSolution
		{87E201A1-1D81-4881-AB4D-FEEDF7428CF7}.Debug|Any CPU.ActiveCfg = Debug|Any CPU
		{87E201A1-1D81-4881-AB4D-FEEDF7428CF7}.Debug|Any CPU.Build.0 = Debug|Any CPU
		{87E201A1-1D81-4881-AB4D-FEEDF7428CF7}.Release|Any CPU.ActiveCfg = Release|Any CPU
		{87E201A1-1D81-4881-AB4D-FEEDF7428CF7}.Release|Any CPU.Build.0 = Release|Any CPU
	EndGlobalSection
	GlobalSection(SolutionProperties) = preSolution
		HideSolutionNode = FALSE
	EndGlobalSection
	GlobalSection(ExtensibilityGlobals) = postSolution
		SolutionGuid = {0C2276A9-CE3F-42DA-BD44-1E5CF8E2BC4B}
	EndGlobalSection
EndGlobal
